
Microsoft Visual Studio Solution File, Format Version 12.00
# Visual Studio Version 17
VisualStudioVersion = 17.7.34031.279
MinimumVisualStudioVersion = 10.0.40219.1
Project("{9A19103F-16F7-4668-BE54-9A1E7A4F7556}") = "mvcvol1", "mvcvol1.csproj", "{7E33CD63-43DF-447D-9F84-5239065CAEC2}"
EndProject
Project("{9A19103F-16F7-4668-BE54-9A1E7A4F7556}") = "EntityLayer", "..\EntityLayer\EntityLayer.csproj", "{0C38DC3D-53E1-4CC6-90A7-B7B6AF7D61CB}"
EndProject
Project("{9A19103F-16F7-4668-BE54-9A1E7A4F7556}") = "DataAccessLayer", "..\DataAccessLayer\DataAccessLayer.csproj", "{29391927-D217-4596-B493-36817AD3E3F9}"
EndProject
Project("{9A19103F-16F7-4668-BE54-9A1E7A4F7556}") = "BusinessLayer", "..\BusinessLayer\BusinessLayer.csproj", "{C0D5A69B-EEDD-4D55-AC9B-7DBBA7C1909A}"
EndProject
Project("{9A19103F-16F7-4668-BE54-9A1E7A4F7556}") = "CoreLayer", "..\CoreLayer\CoreLayer.csproj", "{617207E6-52F7-45F8-B303-D220A3917067}"
EndProject
Global
	GlobalSection(SolutionConfigurationPlatforms) = preSolution
		Debug|Any CPU = Debug|Any CPU
		Release|Any CPU = Release|Any CPU
	EndGlobalSection
	GlobalSection(ProjectConfigurationPlatforms) = postSolution
		{7E33CD63-43DF-447D-9F84-5239065CAEC2}.Debug|Any CPU.ActiveCfg = Debug|Any CPU
		{7E33CD63-43DF-447D-9F84-5239065CAEC2}.Debug|Any CPU.Build.0 = Debug|Any CPU
		{7E33CD63-43DF-447D-9F84-5239065CAEC2}.Release|Any CPU.ActiveCfg = Release|Any CPU
		{7E33CD63-43DF-447D-9F84-5239065CAEC2}.Release|Any CPU.Build.0 = Release|Any CPU
		{0C38DC3D-53E1-4CC6-90A7-B7B6AF7D61CB}.Debug|Any CPU.ActiveCfg = Debug|Any CPU
		{0C38DC3D-53E1-4CC6-90A7-B7B6AF7D61CB}.Debug|Any CPU.Build.0 = Debug|Any CPU
		{0C38DC3D-53E1-4CC6-90A7-B7B6AF7D61CB}.Release|Any CPU.ActiveCfg = Release|Any CPU
		{0C38DC3D-53E1-4CC6-90A7-B7B6AF7D61CB}.Release|Any CPU.Build.0 = Release|Any CPU
		{29391927-D217-4596-B493-36817AD3E3F9}.Debug|Any CPU.ActiveCfg = Debug|Any CPU
		{29391927-D217-4596-B493-36817AD3E3F9}.Debug|Any CPU.Build.0 = Debug|Any CPU
		{29391927-D217-4596-B493-36817AD3E3F9}.Release|Any CPU.ActiveCfg = Release|Any CPU
		{29391927-D217-4596-B493-36817AD3E3F9}.Release|Any CPU.Build.0 = Release|Any CPU
		{C0D5A69B-EEDD-4D55-AC9B-7DBBA7C1909A}.Debug|Any CPU.ActiveCfg = Debug|Any CPU
		{C0D5A69B-EEDD-4D55-AC9B-7DBBA7C1909A}.Debug|Any CPU.Build.0 = Debug|Any CPU
		{C0D5A69B-EEDD-4D55-AC9B-7DBBA7C1909A}.Release|Any CPU.ActiveCfg = Release|Any CPU
		{C0D5A69B-EEDD-4D55-AC9B-7DBBA7C1909A}.Release|Any CPU.Build.0 = Release|Any CPU
		{617207E6-52F7-45F8-B303-D220A3917067}.Debug|Any CPU.ActiveCfg = Debug|Any CPU
		{617207E6-52F7-45F8-B303-D220A3917067}.Debug|Any CPU.Build.0 = Debug|Any CPU
		{617207E6-52F7-45F8-B303-D220A3917067}.Release|Any CPU.ActiveCfg = Release|Any CPU
		{617207E6-52F7-45F8-B303-D220A3917067}.Release|Any CPU.Build.0 = Release|Any CPU
	EndGlobalSection
	GlobalSection(SolutionProperties) = preSolution
		HideSolutionNode = FALSE
	EndGlobalSection
	GlobalSection(ExtensibilityGlobals) = postSolution
		SolutionGuid = {276BA3EE-3FE1-496D-B9D9-0EC7F6C9C152}
	EndGlobalSection
EndGlobal
